// !$*UTF8*$!
{
	archiveVersion = 1;
	classes = {
	};
	objectVersion = 50;
	objects = {

/* Begin PBXBuildFile section */
		C73755AC23D16E2D00BEF845 /* AppDelegate.swift in Sources */ = {isa = PBXBuildFile; fileRef = C73755AB23D16E2D00BEF845 /* AppDelegate.swift */; };
		C73755AE23D16E2D00BEF845 /* SceneDelegate.swift in Sources */ = {isa = PBXBuildFile; fileRef = C73755AD23D16E2D00BEF845 /* SceneDelegate.swift */; };
		C73755B023D16E2D00BEF845 /* ViewController.swift in Sources */ = {isa = PBXBuildFile; fileRef = C73755AF23D16E2D00BEF845 /* ViewController.swift */; };
		C73755B323D16E2D00BEF845 /* Main.storyboard in Resources */ = {isa = PBXBuildFile; fileRef = C73755B123D16E2D00BEF845 /* Main.storyboard */; };
		C73755B523D16E2E00BEF845 /* Assets.xcassets in Resources */ = {isa = PBXBuildFile; fileRef = C73755B423D16E2E00BEF845 /* Assets.xcassets */; };
		C73755B823D16E2E00BEF845 /* LaunchScreen.storyboard in Resources */ = {isa = PBXBuildFile; fileRef = C73755B623D16E2E00BEF845 /* LaunchScreen.storyboard */; };
/* End PBXBuildFile section */

/* Begin PBXFileReference section */
		C73755A823D16E2D00BEF845 /* exp.app */ = {isa = PBXFileReference; explicitFileType = wrapper.application; includeInIndex = 0; path = exp.app; sourceTree = BUILT_PRODUCTS_DIR; };
		C73755AB23D16E2D00BEF845 /* AppDelegate.swift */ = {isa = PBXFileReference; lastKnownFileType = sourcecode.swift; path = AppDelegate.swift; sourceTree = "<group>"; };
		C73755AD23D16E2D00BEF845 /* SceneDelegate.swift */ = {isa = PBXFileReference; lastKnownFileType = sourcecode.swift; path = SceneDelegate.swift; sourceTree = "<group>"; };
		C73755AF23D16E2D00BEF845 /* ViewController.swift */ = {isa = PBXFileReference; lastKnownFileType = sourcecode.swift; path = ViewController.swift; sourceTree = "<group>"; };
		C73755B223D16E2D00BEF845 /* Base */ = {isa = PBXFileReference; lastKnownFileType = file.storyboard; name = Base; path = Base.lproj/Main.storyboard; sourceTree = "<group>"; };
		C73755B423D16E2E00BEF845 /* Assets.xcassets */ = {isa = PBXFileReference; lastKnownFileType = folder.assetcatalog; path = Assets.xcassets; sourceTree = "<group>"; };
		C73755B723D16E2E00BEF845 /* Base */ = {isa = PBXFileReference; lastKnownFileType = file.storyboard; name = Base; path = Base.lproj/LaunchScreen.storyboard; sourceTree = "<group>"; };
		C73755B923D16E2E00BEF845 /* Info.plist */ = {isa = PBXFileReference; lastKnownFileType = text.plist.xml; path = Info.plist; sourceTree = "<group>"; };
/* End PBXFileReference section */

/* Begin PBXFrameworksBuildPhase section */
		C73755A523D16E2D00BEF845 /* Frameworks */ = {
			isa = PBXFrameworksBuildPhase;
			buildActionMask = 2147483647;
			files = (
			);
			runOnlyForDeploymentPostprocessing = 0;
		};
/* End PBXFrameworksBuildPhase section */

/* Begin PBXGroup section */
		C737559F23D16E2D00BEF845 = {
			isa = PBXGroup;
			children = (
				C73755AA23D16E2D00BEF845 /* exp */,
				C73755A923D16E2D00BEF845 /* Products */,
			);
			sourceTree = "<group>";
		};
		C73755A923D16E2D00BEF845 /* Products */ = {
			isa = PBXGroup;
			children = (
				C73755A823D16E2D00BEF845 /* exp.app */,
			);
			name = Products;
			sourceTree = "<group>";
		};
		C73755AA23D16E2D00BEF845 /* exp */ = {
			isa = PBXGroup;
			children = (
				C73755AB23D16E2D00BEF845 /* AppDelegate.swift */,
				C73755AD23D16E2D00BEF845 /* SceneDelegate.swift */,
				C73755AF23D16E2D00BEF845 /* ViewController.swift */,
				C73755B123D16E2D00BEF845 /* Main.storyboard */,
				C73755B423D16E2E00BEF845 /* Assets.xcassets */,
				C73755B623D16E2E00BEF845 /* LaunchScreen.storyboard */,
				C73755B923D16E2E00BEF845 /* Info.plist */,
			);
			path = exp;
			sourceTree = "<group>";
		};
/* End PBXGroup section */

/* Begin PBXNativeTarget section */
		C73755A723D16E2D00BEF845 /* exp */ = {
			isa = PBXNativeTarget;
			buildConfigurationList = C73755BC23D16E2E00BEF845 /* Build configuration list for PBXNativeTarget "exp" */;
			buildPhases = (
				C73755A423D16E2D00BEF845 /* Sources */,
				C73755A523D16E2D00BEF845 /* Frameworks */,
				C73755A623D16E2D00BEF845 /* Resources */,
			);
			buildRules = (
			);
			dependencies = (
			);
			name = exp;
			productName = exp;
			productReference = C73755A823D16E2D00BEF845 /* exp.app */;
			productType = "com.apple.product-type.application";
		};
/* End PBXNativeTarget section */

/* Begin PBXProject section */
		C73755A023D16E2D00BEF845 /* Project object */ = {
			isa = PBXProject;
			attributes = {
				LastSwiftUpdateCheck = 1130;
				LastUpgradeCheck = 1130;
				ORGANIZATIONNAME = "Himansu Sekhar Panigrahi";
				TargetAttributes = {
					C73755A723D16E2D00BEF845 = {
						CreatedOnToolsVersion = 11.3;
					};
				};
			};
			buildConfigurationList = C73755A323D16E2D00BEF845 /* Build configuration list for PBXProject "exp" */;
			compatibilityVersion = "Xcode 9.3";
			developmentRegion = en;
			hasScannedForEncodings = 0;
			knownRegions = (
				en,
				Base,
			);
			mainGroup = C737559F23D16E2D00BEF845;
			productRefGroup = C73755A923D16E2D00BEF845 /* Products */;
			projectDirPath = "";
			projectRoot = "";
			targets = (
				C73755A723D16E2D00BEF845 /* exp */,
			);
		};
/* End PBXProject section */

/* Begin PBXResourcesBuildPhase section */
		C73755A623D16E2D00BEF845 /* Resources */ = {
			isa = PBXResourcesBuildPhase;
			buildActionMask = 2147483647;
			files = (
				C73755B823D16E2E00BEF845 /* LaunchScreen.storyboard in Resources */,
				C73755B523D16E2E00BEF845 /* Assets.xcassets in Resources */,
				C73755B323D16E2D00BEF845 /* Main.storyboard in Resources */,
			);
			runOnlyForDeploymentPostprocessing = 0;
		};
/* End PBXResourcesBuildPhase section */

/* Begin PBXSourcesBuildPhase section */
		C73755A423D16E2D00BEF845 /* Sources */ = {
			isa = PBXSourcesBuildPhase;
			buildActionMask = 2147483647;
			files = (
				C73755B023D16E2D00BEF845 /* ViewController.swift in Sources */,
				C73755AC23D16E2D00BEF845 /* AppDelegate.swift in Sources */,
				C73755AE23D16E2D00BEF845 /* SceneDelegate.swift in Sources */,
			);
			runOnlyForDeploymentPostprocessing = 0;
		};
/* End PBXSourcesBuildPhase section */

/* Begin PBXVariantGroup section */
		C73755B123D16E2D00BEF845 /* Main.storyboard */ = {
			isa = PBXVariantGroup;
			children = (
				C73755B223D16E2D00BEF845 /* Base */,
			);
			name = Main.storyboard;
			sourceTree = "<group>";
		};
		C73755B623D16E2E00BEF845 /* LaunchScreen.storyboard */ = {
			isa = PBXVariantGroup;
			children = (
				C73755B723D16E2E00BEF845 /* Base */,
			);
			name = LaunchScreen.storyboard;
			sourceTree = "<group>";
		};
/* End PBXVariantGroup section */

/* Begin XCBuildConfiguration section */
		C73755BA23D16E2E00BEF845 /* Debug */ = {
			isa = XCBuildConfiguration;
			buildSettings = {
				ALWAYS_SEARCH_USER_PATHS = NO;
				CLANG_ANALYZER_NONNULL = YES;
				CLANG_ANALYZER_NUMBER_OBJECT_CONVERSION = YES_AGGRESSIVE;
				CLANG_CXX_LANGUAGE_STANDARD = "gnu++14";
				CLANG_CXX_LIBRARY = "libc++";
				CLANG_ENABLE_MODULES = YES;
				CLANG_ENABLE_OBJC_ARC = YES;
				CLANG_ENABLE_OBJC_WEAK = YES;
				CLANG_WARN_BLOCK_CAPTURE_AUTORELEASING = YES;
				CLANG_WARN_BOOL_CONVERSION = YES;
				CLANG_WARN_COMMA = YES;
				CLANG_WARN_CONSTANT_CONVERSION = YES;
				CLANG_WARN_DEPRECATED_OBJC_IMPLEMENTATIONS = YES;
				CLANG_WARN_DIRECT_OBJC_ISA_USAGE = YES_ERROR;
				CLANG_WARN_DOCUMENTATION_COMMENTS = YES;
				CLANG_WARN_EMPTY_BODY = YES;
				CLANG_WARN_ENUM_CONVERSION = YES;
				CLANG_WARN_INFINITE_RECURSION = YES;
				CLANG_WARN_INT_CONVERSION = YES;
				CLANG_WARN_NON_LITERAL_NULL_CONVERSION = YES;
				CLANG_WARN_OBJC_IMPLICIT_RETAIN_SELF = YES;
				CLANG_WARN_OBJC_LITERAL_CONVERSION = YES;
				CLANG_WARN_OBJC_ROOT_CLASS = YES_ERROR;
				CLANG_WARN_RANGE_LOOP_ANALYSIS = YES;
				CLANG_WARN_STRICT_PROTOTYPES = YES;
				CLANG_WARN_SUSPICIOUS_MOVE = YES;
				CLANG_WARN_UNGUARDED_AVAILABILITY = YES_AGGRESSIVE;
				CLANG_WARN_UNREACHABLE_CODE = YES;
				CLANG_WARN__DUPLICATE_METHOD_MATCH = YES;
				COPY_PHASE_STRIP = NO;
				DEBUG_INFORMATION_FORMAT = dwarf;
				ENABLE_STRICT_OBJC_MSGSEND = YES;
				ENABLE_TESTABILITY = YES;
				GCC_C_LANGUAGE_STANDARD = gnu11;
				GCC_DYNAMIC_NO_PIC = NO;
				GCC_NO_COMMON_BLOCKS = YES;
				GCC_OPTIMIZATION_LEVEL = 0;
				GCC_PREPROCESSOR_DEFINITIONS = (
					"DEBUG=1",
					"$(inherited)",
				);
				GCC_WARN_64_TO_32_BIT_CONVERSION = YES;
				GCC_WARN_ABOUT_RETURN_TYPE = YES_ERROR;
				GCC_WARN_UNDECLARED_SELECTOR = YES;
				GCC_WARN_UNINITIALIZED_AUTOS = YES_AGGRESSIVE;
				GCC_WARN_UNUSED_FUNCTION = YES;
				GCC_WARN_UNUSED_VARIABLE = YES;
				IPHONEOS_DEPLOYMENT_TARGET = 13.2;
				MTL_ENABLE_DEBUG_INFO = INCLUDE_SOURCE;
				MTL_FAST_MATH = YES;
				ONLY_ACTIVE_ARCH = YES;
				SDKROOT = iphoneos;
				SWIFT_ACTIVE_COMPILATION_CONDITIONS = DEBUG;
				SWIFT_OPTIMIZATION_LEVEL = "-Onone";
			};
			name = Debug;
		};
		C73755BB23D16E2E00BEF845 /* Release */ = {
			isa = XCBuildConfiguration;
			buildSettings = {
				ALWAYS_SEARCH_USER_PATHS = NO;
				CLANG_ANALYZER_NONNULL = YES;
				CLANG_ANALYZER_NUMBER_OBJECT_CONVERSION = YES_AGGRESSIVE;
				CLANG_CXX_LANGUAGE_STANDARD = "gnu++14";
				CLANG_CXX_LIBRARY = "libc++";
				CLANG_ENABLE_MODULES = YES;
				CLANG_ENABLE_OBJC_ARC = YES;
				CLANG_ENABLE_OBJC_WEAK = YES;
				CLANG_WARN_BLOCK_CAPTURE_AUTORELEASING = YES;
				CLANG_WARN_BOOL_CONVERSION = YES;
				CLANG_WARN_COMMA = YES;
				CLANG_WARN_CONSTANT_CONVERSION = YES;
				CLANG_WARN_DEPRECATED_OBJC_IMPLEMENTATIONS = YES;
				CLANG_WARN_DIRECT_OBJC_ISA_USAGE = YES_ERROR;
				CLANG_WARN_DOCUMENTATION_COMMENTS = YES;
				CLANG_WARN_EMPTY_BODY = YES;
				CLANG_WARN_ENUM_CONVERSION = YES;
				CLANG_WARN_INFINITE_RECURSION = YES;
				CLANG_WARN_INT_CONVERSION = YES;
				CLANG_WARN_NON_LITERAL_NULL_CONVERSION = YES;
				CLANG_WARN_OBJC_IMPLICIT_RETAIN_SELF = YES;
				CLANG_WARN_OBJC_LITERAL_CONVERSION = YES;
				CLANG_WARN_OBJC_ROOT_CLASS = YES_ERROR;
				CLANG_WARN_RANGE_LOOP_ANALYSIS = YES;
				CLANG_WARN_STRICT_PROTOTYPES = YES;
				CLANG_WARN_SUSPICIOUS_MOVE = YES;
				CLANG_WARN_UNGUARDED_AVAILABILITY = YES_AGGRESSIVE;
				CLANG_WARN_UNREACHABLE_CODE = YES;
				CLANG_WARN__DUPLICATE_METHOD_MATCH = YES;
				COPY_PHASE_STRIP = NO;
				DEBUG_INFORMATION_FORMAT = "dwarf-with-dsym";
				ENABLE_NS_ASSERTIONS = NO;
				ENABLE_STRICT_OBJC_MSGSEND = YES;
				GCC_C_LANGUAGE_STANDARD = gnu11;
				GCC_NO_COMMON_BLOCKS = YES;
				GCC_WARN_64_TO_32_BIT_CONVERSION = YES;
				GCC_WARN_ABOUT_RETURN_TYPE = YES_ERROR;
				GCC_WARN_UNDECLARED_SELECTOR = YES;
				GCC_WARN_UNINITIALIZED_AUTOS = YES_AGGRESSIVE;
				GCC_WARN_UNUSED_FUNCTION = YES;
				GCC_WARN_UNUSED_VARIABLE = YES;
				IPHONEOS_DEPLOYMENT_TARGET = 13.2;
				MTL_ENABLE_DEBUG_INFO = NO;
				MTL_FAST_MATH = YES;
				SDKROOT = iphoneos;
				SWIFT_COMPILATION_MODE = wholemodule;
				SWIFT_OPTIMIZATION_LEVEL = "-O";
				VALIDATE_PRODUCT = YES;
			};
			name = Release;
		};
		C73755BD23D16E2E00BEF845 /* Debug */ = {
			isa = XCBuildConfiguration;
			buildSettings = {
				ASSETCATALOG_COMPILER_APPICON_NAME = AppIcon;
				CODE_SIGN_STYLE = Automatic;
				INFOPLIST_FILE = exp/Info.plist;
				LD_RUNPATH_SEARCH_PATHS = (
					"$(inherited)",
					"@executable_path/Frameworks",
				);
				PRODUCT_BUNDLE_IDENTIFIER = HPApps.exp;
				PRODUCT_NAME = "$(TARGET_NAME)";
				SWIFT_VERSION = 5.0;
				TARGETED_DEVICE_FAMILY = "1,2";
			};
			name = Debug;
		};
		C73755BE23D16E2E00BEF845 /* Release */ = {
			isa = XCBuildConfiguration;
			buildSettings = {
				ASSETCATALOG_COMPILER_APPICON_NAME = AppIcon;
				CODE_SIGN_STYLE = Automatic;
				INFOPLIST_FILE = exp/Info.plist;
				LD_RUNPATH_SEARCH_PATHS = (
					"$(inherited)",
					"@executable_path/Frameworks",
				);
				PRODUCT_BUNDLE_IDENTIFIER = HPApps.exp;
				PRODUCT_NAME = "$(TARGET_NAME)";
				SWIFT_VERSION = 5.0;
				TARGETED_DEVICE_FAMILY = "1,2";
			};
			name = Release;
		};
/* End XCBuildConfiguration section */

/* Begin XCConfigurationList section */
		C73755A323D16E2D00BEF845 /* Build configuration list for PBXProject "exp" */ = {
			isa = XCConfigurationList;
			buildConfigurations = (
				C73755BA23D16E2E00BEF845 /* Debug */,
				C73755BB23D16E2E00BEF845 /* Release */,
			);
			defaultConfigurationIsVisible = 0;
			defaultConfigurationName = Release;
		};
		C73755BC23D16E2E00BEF845 /* Build configuration list for PBXNativeTarget "exp" */ = {
			isa = XCConfigurationList;
			buildConfigurations = (
				C73755BD23D16E2E00BEF845 /* Debug */,
				C73755BE23D16E2E00BEF845 /* Release */,
			);
			defaultConfigurationIsVisible = 0;
			defaultConfigurationName = Release;
		};
/* End XCConfigurationList section */
	};
	rootObject = C73755A023D16E2D00BEF845 /* Project object */;
}
